
Microsoft Visual Studio Solution File, Format Version 12.00
# Visual Studio 15
VisualStudioVersion = 15.0.26730.16
MinimumVisualStudioVersion = 10.0.40219.1
Project("{2150E333-8FDC-42A3-9474-1A3956D46DE8}") = "Engine", "Engine", "{A61877E6-38D1-43E1-98BC-EBAB495838A4}"
EndProject
Project("{2150E333-8FDC-42A3-9474-1A3956D46DE8}") = "Games", "Games", "{01E1DF40-919F-46C2-BC37-DA927A8E26BB}"
EndProject
Project("{8BC9CEB8-8B4A-11D0-8D11-00A0C91BC942}") = "UE4", "Intermediate\ProjectFiles\UE4.vcxproj", "{EC09CBC6-9FC7-4ECD-9BF2-633F56064811}"
EndProject
Project("{8BC9CEB8-8B4A-11D0-8D11-00A0C91BC942}") = "OstrichOne", "Intermediate\ProjectFiles\OstrichOne.vcxproj", "{68353EAE-A496-4D75-9FCA-F2F13A1D2B8E}"
EndProject
Global
	GlobalSection(SolutionConfigurationPlatforms) = preSolution
		DebugGame Editor|HTML5 = DebugGame Editor|HTML5
		DebugGame Editor|Win32 = DebugGame Editor|Win32
		DebugGame Editor|Win64 = DebugGame Editor|Win64
		DebugGame|HTML5 = DebugGame|HTML5
		DebugGame|Win32 = DebugGame|Win32
		DebugGame|Win64 = DebugGame|Win64
		Development Editor|HTML5 = Development Editor|HTML5
		Development Editor|Win32 = Development Editor|Win32
		Development Editor|Win64 = Development Editor|Win64
		Development|HTML5 = Development|HTML5
		Development|Win32 = Development|Win32
		Development|Win64 = Development|Win64
		Shipping|HTML5 = Shipping|HTML5
		Shipping|Win32 = Shipping|Win32
		Shipping|Win64 = Shipping|Win64
	EndGlobalSection
	GlobalSection(ProjectConfigurationPlatforms) = postSolution
		{EC09CBC6-9FC7-4ECD-9BF2-633F56064811}.DebugGame Editor|HTML5.ActiveCfg = BuiltWithUnrealBuildTool|Win32
		{EC09CBC6-9FC7-4ECD-9BF2-633F56064811}.DebugGame Editor|HTML5.Build.0 = BuiltWithUnrealBuildTool|Win32
		{EC09CBC6-9FC7-4ECD-9BF2-633F56064811}.DebugGame Editor|Win32.ActiveCfg = BuiltWithUnrealBuildTool|Win32
		{EC09CBC6-9FC7-4ECD-9BF2-633F56064811}.DebugGame Editor|Win32.Build.0 = BuiltWithUnrealBuildTool|Win32
		{EC09CBC6-9FC7-4ECD-9BF2-633F56064811}.DebugGame Editor|Win64.ActiveCfg = BuiltWithUnrealBuildTool|Win32
		{EC09CBC6-9FC7-4ECD-9BF2-633F56064811}.DebugGame Editor|Win64.Build.0 = BuiltWithUnrealBuildTool|Win32
		{EC09CBC6-9FC7-4ECD-9BF2-633F56064811}.DebugGame|HTML5.ActiveCfg = BuiltWithUnrealBuildTool|Win32
		{EC09CBC6-9FC7-4ECD-9BF2-633F56064811}.DebugGame|HTML5.Build.0 = BuiltWithUnrealBuildTool|Win32
		{EC09CBC6-9FC7-4ECD-9BF2-633F56064811}.DebugGame|Win32.ActiveCfg = BuiltWithUnrealBuildTool|Win32
		{EC09CBC6-9FC7-4ECD-9BF2-633F56064811}.DebugGame|Win32.Build.0 = BuiltWithUnrealBuildTool|Win32
		{EC09CBC6-9FC7-4ECD-9BF2-633F56064811}.DebugGame|Win64.ActiveCfg = BuiltWithUnrealBuildTool|Win32
		{EC09CBC6-9FC7-4ECD-9BF2-633F56064811}.DebugGame|Win64.Build.0 = BuiltWithUnrealBuildTool|Win32
		{EC09CBC6-9FC7-4ECD-9BF2-633F56064811}.Development Editor|HTML5.ActiveCfg = BuiltWithUnrealBuildTool|Win32
		{EC09CBC6-9FC7-4ECD-9BF2-633F56064811}.Development Editor|HTML5.Build.0 = BuiltWithUnrealBuildTool|Win32
		{EC09CBC6-9FC7-4ECD-9BF2-633F56064811}.Development Editor|Win32.ActiveCfg = BuiltWithUnrealBuildTool|Win32
		{EC09CBC6-9FC7-4ECD-9BF2-633F56064811}.Development Editor|Win32.Build.0 = BuiltWithUnrealBuildTool|Win32
		{EC09CBC6-9FC7-4ECD-9BF2-633F56064811}.Development Editor|Win64.ActiveCfg = BuiltWithUnrealBuildTool|Win32
		{EC09CBC6-9FC7-4ECD-9BF2-633F56064811}.Development Editor|Win64.Build.0 = BuiltWithUnrealBuildTool|Win32
		{EC09CBC6-9FC7-4ECD-9BF2-633F56064811}.Development|HTML5.ActiveCfg = BuiltWithUnrealBuildTool|Win32
		{EC09CBC6-9FC7-4ECD-9BF2-633F56064811}.Development|HTML5.Build.0 = BuiltWithUnrealBuildTool|Win32
		{EC09CBC6-9FC7-4ECD-9BF2-633F56064811}.Development|Win32.ActiveCfg = BuiltWithUnrealBuildTool|Win32
		{EC09CBC6-9FC7-4ECD-9BF2-633F56064811}.Development|Win32.Build.0 = BuiltWithUnrealBuildTool|Win32
		{EC09CBC6-9FC7-4ECD-9BF2-633F56064811}.Development|Win64.ActiveCfg = BuiltWithUnrealBuildTool|Win32
		{EC09CBC6-9FC7-4ECD-9BF2-633F56064811}.Development|Win64.Build.0 = BuiltWithUnrealBuildTool|Win32
		{EC09CBC6-9FC7-4ECD-9BF2-633F56064811}.Shipping|HTML5.ActiveCfg = BuiltWithUnrealBuildTool|Win32
		{EC09CBC6-9FC7-4ECD-9BF2-633F56064811}.Shipping|HTML5.Build.0 = BuiltWithUnrealBuildTool|Win32
		{EC09CBC6-9FC7-4ECD-9BF2-633F56064811}.Shipping|Win32.ActiveCfg = BuiltWithUnrealBuildTool|Win32
		{EC09CBC6-9FC7-4ECD-9BF2-633F56064811}.Shipping|Win32.Build.0 = BuiltWithUnrealBuildTool|Win32
		{EC09CBC6-9FC7-4ECD-9BF2-633F56064811}.Shipping|Win64.ActiveCfg = BuiltWithUnrealBuildTool|Win32
		{EC09CBC6-9FC7-4ECD-9BF2-633F56064811}.Shipping|Win64.Build.0 = BuiltWithUnrealBuildTool|Win32
		{68353EAE-A496-4D75-9FCA-F2F13A1D2B8E}.DebugGame Editor|HTML5.ActiveCfg = HTML5_DebugGame_Editor|Win32
		{68353EAE-A496-4D75-9FCA-F2F13A1D2B8E}.DebugGame Editor|Win32.ActiveCfg = DebugGame_Editor|Win32
		{68353EAE-A496-4D75-9FCA-F2F13A1D2B8E}.DebugGame Editor|Win64.ActiveCfg = DebugGame_Editor|x64
		{68353EAE-A496-4D75-9FCA-F2F13A1D2B8E}.DebugGame Editor|Win64.Build.0 = DebugGame_Editor|x64
		{68353EAE-A496-4D75-9FCA-F2F13A1D2B8E}.DebugGame|HTML5.ActiveCfg = HTML5_DebugGame_Game|Win32
		{68353EAE-A496-4D75-9FCA-F2F13A1D2B8E}.DebugGame|HTML5.Build.0 = HTML5_DebugGame_Game|Win32
		{68353EAE-A496-4D75-9FCA-F2F13A1D2B8E}.DebugGame|Win32.ActiveCfg = DebugGame_Game|Win32
		{68353EAE-A496-4D75-9FCA-F2F13A1D2B8E}.DebugGame|Win32.Build.0 = DebugGame_Game|Win32
		{68353EAE-A496-4D75-9FCA-F2F13A1D2B8E}.DebugGame|Win64.ActiveCfg = DebugGame_Game|x64
		{68353EAE-A496-4D75-9FCA-F2F13A1D2B8E}.DebugGame|Win64.Build.0 = DebugGame_Game|x64
		{68353EAE-A496-4D75-9FCA-F2F13A1D2B8E}.Development Editor|HTML5.ActiveCfg = HTML5_Development_Editor|Win32
		{68353EAE-A496-4D75-9FCA-F2F13A1D2B8E}.Development Editor|Win32.ActiveCfg = Development_Editor|Win32
		{68353EAE-A496-4D75-9FCA-F2F13A1D2B8E}.Development Editor|Win64.ActiveCfg = Development_Editor|x64
		{68353EAE-A496-4D75-9FCA-F2F13A1D2B8E}.Development Editor|Win64.Build.0 = Development_Editor|x64
		{68353EAE-A496-4D75-9FCA-F2F13A1D2B8E}.Development|HTML5.ActiveCfg = HTML5_Development_Game|Win32
		{68353EAE-A496-4D75-9FCA-F2F13A1D2B8E}.Development|HTML5.Build.0 = HTML5_Development_Game|Win32
		{68353EAE-A496-4D75-9FCA-F2F13A1D2B8E}.Development|Win32.ActiveCfg = Development_Game|Win32
		{68353EAE-A496-4D75-9FCA-F2F13A1D2B8E}.Development|Win32.Build.0 = Development_Game|Win32
		{68353EAE-A496-4D75-9FCA-F2F13A1D2B8E}.Development|Win64.ActiveCfg = Development_Game|x64
		{68353EAE-A496-4D75-9FCA-F2F13A1D2B8E}.Development|Win64.Build.0 = Development_Game|x64
		{68353EAE-A496-4D75-9FCA-F2F13A1D2B8E}.Shipping|HTML5.ActiveCfg = HTML5_Shipping_Game|Win32
		{68353EAE-A496-4D75-9FCA-F2F13A1D2B8E}.Shipping|HTML5.Build.0 = HTML5_Shipping_Game|Win32
		{68353EAE-A496-4D75-9FCA-F2F13A1D2B8E}.Shipping|Win32.ActiveCfg = Shipping_Game|Win32
		{68353EAE-A496-4D75-9FCA-F2F13A1D2B8E}.Shipping|Win32.Build.0 = Shipping_Game|Win32
		{68353EAE-A496-4D75-9FCA-F2F13A1D2B8E}.Shipping|Win64.ActiveCfg = Shipping_Game|x64
		{68353EAE-A496-4D75-9FCA-F2F13A1D2B8E}.Shipping|Win64.Build.0 = Shipping_Game|x64
	EndGlobalSection
	GlobalSection(SolutionProperties) = preSolution
		HideSolutionNode = FALSE
	EndGlobalSection
	GlobalSection(NestedProjects) = preSolution
		{EC09CBC6-9FC7-4ECD-9BF2-633F56064811} = {A61877E6-38D1-43E1-98BC-EBAB495838A4}
		{68353EAE-A496-4D75-9FCA-F2F13A1D2B8E} = {01E1DF40-919F-46C2-BC37-DA927A8E26BB}
	EndGlobalSection
	GlobalSection(ExtensibilityGlobals) = postSolution
		SolutionGuid = {5CC8B896-B0F8-4691-A6D2-7973CE419DF6}
	EndGlobalSection
EndGlobal
